PODS:
  - easdktool (0.0.1):
    - Flutter
    - Protobuf (~> 3.14.0)
    - Realm
    - SAMKeychain
    - YYKit
  - Flutter (1.0.0)
  - flutter_foreground_task (0.0.1):
    - Flutter
  - path_provider_ios (0.0.1):
    - Flutter
  - Protobuf (3.14.0)
  - Realm (10.25.1):
    - Realm/Headers (= 10.25.1)
  - Realm/Headers (10.25.1)
  - SAMKeychain (1.5.3)
  - shared_preferences_ios (0.0.1):
    - Flutter
  - YYKit (1.0.9):
    - YYKit/no-arc (= 1.0.9)
  - YYKit/no-arc (1.0.9)

DEPENDENCIES:
  - easdktool (from `.symlinks/plugins/easdktool/ios`)
  - Flutter (from `Flutter`)
  - flutter_foreground_task (from `.symlinks/plugins/flutter_foreground_task/ios`)
  - path_provider_ios (from `.symlinks/plugins/path_provider_ios/ios`)
  - shared_preferences_ios (from `.symlinks/plugins/shared_preferences_ios/ios`)

SPEC REPOS:
  trunk:
    - Protobuf
    - Realm
    - SAMKeychain
    - YYKit

EXTERNAL SOURCES:
  easdktool:
    :path: ".symlinks/plugins/easdktool/ios"
  Flutter:
    :path: Flutter
  flutter_foreground_task:
    :path: ".symlinks/plugins/flutter_foreground_task/ios"
  path_provider_ios:
    :path: ".symlinks/plugins/path_provider_ios/ios"
  shared_preferences_ios:
    :path: ".symlinks/plugins/shared_preferences_ios/ios"

SPEC CHECKSUMS:
  easdktool: faad02e7d9b287e05c2b4bda5225c5d39a4c464b
  Flutter: 50d75fe2f02b26cc09d224853bb45737f8b3214a
  flutter_foreground_task: 21ef182ab0a29a3005cc72cd70e5f45cb7f7f817
  path_provider_ios: 14f3d2fd28c4fdb42f44e0f751d12861c43cee02
  Protobuf: 0cde852566359049847168e51bd1c690e0f70056
  Realm: 1a6e9b4f6983711655d8c0bcb6d2d29c3afbb1f3
  SAMKeychain: 483e1c9f32984d50ca961e26818a534283b4cd5c
  shared_preferences_ios: 548a61f8053b9b8a49ac19c1ffbc8b92c50d68ad
  YYKit: 7cda43304a8dc3696c449041e2cb3107b4e236e7

PODFILE CHECKSUM: 124871c13717f2388253dcfb709d8627f84a282d

COCOAPODS: 1.11.3
