PODS:
  - BGFMDB (2.0.13):
    - BGFMDB/BG (= 2.0.13)
    - BGFMDB/FMDB (= 2.0.13)
  - BGFMDB/BG (2.0.13):
    - BGFMDB/FMDB
  - BGFMDB/FMDB (2.0.13)
  - CocoaLumberjack (3.8.5):
    - CocoaLumberjack/Core (= 3.8.5)
  - CocoaLumberjack/Core (3.8.5)
  - device_info_plus (0.0.1):
    - Flutter
  - easdktool (1.1.21.2):
    - BGFMDB
    - Flutter
    - Protobuf
    - SAMKeychain
    - SVGKit
    - YYKit
    - ZipArchive
    - zipzap
  - Flutter (1.0.0)
  - flutter_foreground_task (0.0.1):
    - Flutter
  - path_provider_foundation (0.0.1):
    - Flutter
    - FlutterMacOS
  - permission_handler_apple (9.1.1):
    - Flutter
  - Protobuf (3.28.2)
  - SAMKeychain (1.5.3)
  - shared_preferences_foundation (0.0.1):
    - Flutter
    - FlutterMacOS
  - SVGKit (3.0.0):
    - CocoaLumberjack (~> 3.0)
  - YYKit (1.0.9):
    - YYKit/no-arc (= 1.0.9)
  - YYKit/no-arc (1.0.9)
  - ZipArchive (1.4.0)
  - zipzap (8.1.1)

DEPENDENCIES:
  - device_info_plus (from `.symlinks/plugins/device_info_plus/ios`)
  - easdktool (from `.symlinks/plugins/easdktool/ios`)
  - Flutter (from `Flutter`)
  - flutter_foreground_task (from `.symlinks/plugins/flutter_foreground_task/ios`)
  - path_provider_foundation (from `.symlinks/plugins/path_provider_foundation/darwin`)
  - permission_handler_apple (from `.symlinks/plugins/permission_handler_apple/ios`)
  - shared_preferences_foundation (from `.symlinks/plugins/shared_preferences_foundation/darwin`)

SPEC REPOS:
  trunk:
    - BGFMDB
    - CocoaLumberjack
    - Protobuf
    - SAMKeychain
    - SVGKit
    - YYKit
    - ZipArchive
    - zipzap

EXTERNAL SOURCES:
  device_info_plus:
    :path: ".symlinks/plugins/device_info_plus/ios"
  easdktool:
    :path: ".symlinks/plugins/easdktool/ios"
  Flutter:
    :path: Flutter
  flutter_foreground_task:
    :path: ".symlinks/plugins/flutter_foreground_task/ios"
  path_provider_foundation:
    :path: ".symlinks/plugins/path_provider_foundation/darwin"
  permission_handler_apple:
    :path: ".symlinks/plugins/permission_handler_apple/ios"
  shared_preferences_foundation:
    :path: ".symlinks/plugins/shared_preferences_foundation/darwin"

SPEC CHECKSUMS:
  BGFMDB: 48e6823027232402a678acc7f71484b1fc9171d0
  CocoaLumberjack: 6a459bc897d6d80bd1b8c78482ec7ad05dffc3f0
  device_info_plus: 97af1d7e84681a90d0693e63169a5d50e0839a0d
  easdktool: 2e34e40535f1300f1c2ce03fb0d11e27dd474397
  Flutter: e0871f40cf51350855a761d2e70bf5af5b9b5de7
  flutter_foreground_task: 21ef182ab0a29a3005cc72cd70e5f45cb7f7f817
  path_provider_foundation: 2b6b4c569c0fb62ec74538f866245ac84301af46
  permission_handler_apple: e76247795d700c14ea09e3a2d8855d41ee80a2e6
  Protobuf: 28c89b24435762f60244e691544ed80f50d82701
  SAMKeychain: 483e1c9f32984d50ca961e26818a534283b4cd5c
  shared_preferences_foundation: fcdcbc04712aee1108ac7fda236f363274528f78
  SVGKit: 1ad7513f8c74d9652f94ed64ddecda1a23864dea
  YYKit: 7cda43304a8dc3696c449041e2cb3107b4e236e7
  ZipArchive: e25a4373192673e3229ac8d6e9f64a3e5713c966
  zipzap: 940162d9c9c60472c2eab341385e4214da0fdf1c

PODFILE CHECKSUM: 3edc7a296122428681abc0ac0242b32cb69cda97

COCOAPODS: 1.16.2
